
Microsoft Visual Studio Solution File, Format Version 12.00
# Visual Studio Version 17
VisualStudioVersion = 17.10.35027.167
MinimumVisualStudioVersion = 10.0.40219.1
Project("{FAE04EC0-301F-11D3-BF4B-00C04F79EFBC}") = "AppSettingsManager", "AppSettingsManager\AppSettingsManager.csproj", "{E23EC3A6-1303-4D98-8CA9-6AC4CC5D739C}"
EndProject
Global
	GlobalSection(SolutionConfigurationPlatforms) = preSolution
		Debug|Any CPU = Debug|Any CPU
		Release|Any CPU = Release|Any CPU
	EndGlobalSection
	GlobalSection(ProjectConfigurationPlatforms) = postSolution
		{E23EC3A6-1303-4D98-8CA9-6AC4CC5D739C}.Debug|Any CPU.ActiveCfg = Debug|Any CPU
		{E23EC3A6-1303-4D98-8CA9-6AC4CC5D739C}.Debug|Any CPU.Build.0 = Debug|Any CPU
		{E23EC3A6-1303-4D98-8CA9-6AC4CC5D739C}.Release|Any CPU.ActiveCfg = Release|Any CPU
		{E23EC3A6-1303-4D98-8CA9-6AC4CC5D739C}.Release|Any CPU.Build.0 = Release|Any CPU
	EndGlobalSection
	GlobalSection(SolutionProperties) = preSolution
		HideSolutionNode = FALSE
	EndGlobalSection
	GlobalSection(ExtensibilityGlobals) = postSolution
		SolutionGuid = {AD351D3F-2B30-4290-9A2E-62D8C398D0A3}
	EndGlobalSection
EndGlobal
